# THIS IS AN AUTOGENERATED FILE. DO NOT EDIT THIS FILE DIRECTLY.
# yarn lockfile v1


"@babel/helper-string-parser@^7.27.1":
  version "7.27.1"
  resolved "https://registry.npmjs.org/@babel/helper-string-parser/-/helper-string-parser-7.27.1.tgz"
  integrity sha512-qMlSxKbpRlAridDExk92nSobyDdpPijUq2DW6oDnUqd0iOGxmQjyqhMIihI9+zv4LPyZdRje2cavWPbCbWm3eA==

"@babel/helper-validator-identifier@^7.28.5":
  version "7.28.5"
  resolved "https://registry.npmjs.org/@babel/helper-validator-identifier/-/helper-validator-identifier-7.28.5.tgz"
  integrity sha512-qSs4ifwzKJSV39ucNjsvc6WVHs6b7S03sOh2OcHF9UHfVPqWWALUsNUVzhSBiItjRZoLHx7nIarVjqKVusUZ1Q==

"@babel/parser@^7.29.2":
  version "7.29.2"
  resolved "https://registry.npmjs.org/@babel/parser/-/parser-7.29.2.tgz"
  integrity sha512-4GgRzy/+fsBa72/RZVJmGKPmZu9Byn8o4MoLpmNe1m8ZfYnz5emHLQz3U4gLud6Zwl0RZIcgiLD7Uq7ySFuDLA==
  dependencies:
    "@babel/types" "^7.29.0"

"@babel/types@^7.29.0":
  version "7.29.0"
  resolved "https://registry.npmjs.org/@babel/types/-/types-7.29.0.tgz"
  integrity sha512-LwdZHpScM4Qz8Xw2iKSzS+cfglZzJGvofQICy7W7v4caru4EaAmyUuO6BGrbyQ2mYV11W0U8j5mBhd14dd3B0A==
  dependencies:
    "@babel/helper-string-parser" "^7.27.1"
    "@babel/helper-validator-identifier" "^7.28.5"

"@emnapi/core@^1.7.1":
  version "1.10.0"
  resolved "https://registry.npmjs.org/@emnapi/core/-/core-1.10.0.tgz"
  integrity sha512-yq6OkJ4p82CAfPl0u9mQebQHKPJkY7WrIuk205cTYnYe+k2Z8YBh11FrbRG/H6ihirqcacOgl2BIO8oyMQLeXw==
  dependencies:
    "@emnapi/wasi-threads" "1.2.1"
    tslib "^2.4.0"

"@emnapi/runtime@^1.7.1":
  version "1.10.0"
  resolved "https://registry.npmjs.org/@emnapi/runtime/-/runtime-1.10.0.tgz"
  integrity sha512-ewvYlk86xUoGI0zQRNq/mC+16R1QeDlKQy21Ki3oSYXNgLb45GV1P6A0M+/s6nyCuNDqe5VpaY84BzXGwVbwFA==
  dependencies:
    tslib "^2.4.0"

"@emnapi/wasi-threads@1.2.1":
  version "1.2.1"
  resolved "https://registry.npmjs.org/@emnapi/wasi-threads/-/wasi-threads-1.2.1.tgz"
  integrity sha512-uTII7OYF+/Mes/MrcIOYp5yOtSMLBWSIoLPpcgwipoiKbli6k322tcoFsxoIIxPDqW01SQGAgko4EzZi2BNv2w==
  dependencies:
    tslib "^2.4.0"

"@floating-ui/core@^1.7.5":
  version "1.7.5"
  resolved "https://registry.npmjs.org/@floating-ui/core/-/core-1.7.5.tgz"
  integrity sha512-1Ih4WTWyw0+lKyFMcBHGbb5U5FtuHJuujoyyr5zTaWS5EYMeT6Jb2AuDeftsCsEuchO+mM2ij5+q9crhydzLhQ==
  dependencies:
    "@floating-ui/utils" "^0.2.11"

"@floating-ui/dom@^1.6.13", "@floating-ui/dom@^1.7.6":
  version "1.7.6"
  resolved "https://registry.npmjs.org/@floating-ui/dom/-/dom-1.7.6.tgz"
  integrity sha512-9gZSAI5XM36880PPMm//9dfiEngYoC6Am2izES1FF406YFsjvyBMmeJ2g4SAju3xWwtuynNRFL2s9hgxpLI5SQ==
  dependencies:
    "@floating-ui/core" "^1.7.5"
    "@floating-ui/utils" "^0.2.11"

"@floating-ui/utils@^0.2.11":
  version "0.2.11"
  resolved "https://registry.npmjs.org/@floating-ui/utils/-/utils-0.2.11.tgz"
  integrity sha512-RiB/yIh78pcIxl6lLMG0CgBXAZ2Y0eVHqMPYugu+9U0AeT6YBeiJpf7lbdJNIugFP5SIjwNRgo4DhR1Qxi26Gg==

"@floating-ui/vue@^1.1.6":
  version "1.1.11"
  resolved "https://registry.npmjs.org/@floating-ui/vue/-/vue-1.1.11.tgz"
  integrity sha512-HzHKCNVxnGS35r9fCHBc3+uCnjw9IWIlCPL683cGgM9Kgj2BiAl8x1mS7vtvP6F9S/e/q4O6MApwSHj8hNLGfw==
  dependencies:
    "@floating-ui/dom" "^1.7.6"
    "@floating-ui/utils" "^0.2.11"
    vue-demi ">=0.13.0"

"@inertiajs/core@2.3.21":
  version "2.3.21"
  resolved "https://registry.npmjs.org/@inertiajs/core/-/core-2.3.21.tgz"
  integrity sha512-grHSCUiWDBWqpRxaobyxUJu0FV6HLkkuJwvoNLVkHwkexLvoaLhb9BmtoQydlIYL5pk2O3jcKaGtWJ83JwTB4A==
  dependencies:
    "@types/lodash-es" "^4.17.12"
    axios "^1.13.5"
    laravel-precognition "^1.0.2"
    lodash-es "^4.18.1"
    qs "^6.15.0"

"@inertiajs/vue3@^2.3.21":
  version "2.3.21"
  resolved "https://registry.npmjs.org/@inertiajs/vue3/-/vue3-2.3.21.tgz"
  integrity sha512-gJuOD9HrB6WXpTCUB6yLDHA2yI5YGzhYcGlHCPB6mzt6Lvm7CsQA06CNOyk8eEooz0MYJhFF2V092hU1i866qg==
  dependencies:
    "@inertiajs/core" "2.3.21"
    "@types/lodash-es" "^4.17.12"
    laravel-precognition "^1.0.2"
    lodash-es "^4.18.1"

"@internationalized/date@^3.5.0":
  version "3.12.1"
  resolved "https://registry.npmjs.org/@internationalized/date/-/date-3.12.1.tgz"
  integrity sha512-6IedsVWXyq4P9Tj+TxuU8WGWM70hYLl12nbYU8jkikVpa6WXapFazPUcHUMDMoWftIDE2ILDkFFte6W2nFCkRQ==
  dependencies:
    "@swc/helpers" "^0.5.0"

"@internationalized/number@^3.5.0":
  version "3.6.6"
  resolved "https://registry.npmjs.org/@internationalized/number/-/number-3.6.6.tgz"
  integrity sha512-iFgmQaXHE0vytNfpLZWOC2mEJCBRzcUxt53Xf/yCXG93lRvqas237i3r7X4RKMwO3txiyZD4mQjKAByFv6UGSQ==
  dependencies:
    "@swc/helpers" "^0.5.0"

"@jridgewell/gen-mapping@^0.3.5":
  version "0.3.13"
  resolved "https://registry.npmjs.org/@jridgewell/gen-mapping/-/gen-mapping-0.3.13.tgz"
  integrity sha512-2kkt/7niJ6MgEPxF0bYdQ6etZaA+fQvDcLKckhy1yIQOzaoKjBBjSj63/aLVjYE3qhRt5dvM+uUyfCg6UKCBbA==
  dependencies:
    "@jridgewell/sourcemap-codec" "^1.5.0"
    "@jridgewell/trace-mapping" "^0.3.24"

"@jridgewell/remapping@^2.3.5":
  version "2.3.5"
  resolved "https://registry.npmjs.org/@jridgewell/remapping/-/remapping-2.3.5.tgz"
  integrity sha512-LI9u/+laYG4Ds1TDKSJW2YPrIlcVYOwi2fUC6xB43lueCjgxV4lffOCZCtYFiH6TNOX+tQKXx97T4IKHbhyHEQ==
  dependencies:
    "@jridgewell/gen-mapping" "^0.3.5"
    "@jridgewell/trace-mapping" "^0.3.24"

"@jridgewell/resolve-uri@^3.1.0":
  version "3.1.2"
  resolved "https://registry.npmjs.org/@jridgewell/resolve-uri/-/resolve-uri-3.1.2.tgz"
  integrity sha512-bRISgCIjP20/tbWSPWMEi54QVPRZExkuD9lJL+UIxUKtwVJA8wW1Trb1jMs1RFXo1CBTNZ/5hpC9QvmKWdopKw==

"@jridgewell/sourcemap-codec@^1.4.14", "@jridgewell/sourcemap-codec@^1.5.0", "@jridgewell/sourcemap-codec@^1.5.5":
  version "1.5.5"
  resolved "https://registry.npmjs.org/@jridgewell/sourcemap-codec/-/sourcemap-codec-1.5.5.tgz"
  integrity sha512-cYQ9310grqxueWbl+WuIUIaiUaDcj7WOq5fVhEljNVgRfOUhY9fy2zTvfoqWsnebh8Sl70VScFbICvJnLKB0Og==

"@jridgewell/trace-mapping@^0.3.24":
  version "0.3.31"
  resolved "https://registry.npmjs.org/@jridgewell/trace-mapping/-/trace-mapping-0.3.31.tgz"
  integrity sha512-zzNR+SdQSDJzc8joaeP8QQoCQr8NuYx2dIIytl1QeBEZHJ9uW6hebsrYgbz8hJwUQao3TWCMtmfV8Nu1twOLAw==
  dependencies:
    "@jridgewell/resolve-uri" "^3.1.0"
    "@jridgewell/sourcemap-codec" "^1.4.14"

"@laravel/vite-plugin-wayfinder@^0.1.3":
  version "0.1.7"
  resolved "https://registry.npmjs.org/@laravel/vite-plugin-wayfinder/-/vite-plugin-wayfinder-0.1.7.tgz"
  integrity sha512-yZYIr1iwuCQ7LFI+GsJk9vacw1HWMp3ZlDlW0pdfz3zXyKeu4US7oH79KmQQ031L0cYaSyaUMo/Ha1D4BosKqw==

"@oxc-project/types@=0.127.0":
  version "0.127.0"
  resolved "https://registry.npmjs.org/@oxc-project/types/-/types-0.127.0.tgz"
  integrity sha512-aIYXQBo4lCbO4z0R3FHeucQHpF46l2LbMdxRvqvuRuW2OxdnSkcng5B8+K12spgLDj93rtN3+J2Vac/TIO+ciQ==

"@oxfmt/binding-darwin-arm64@0.46.0":
  version "0.46.0"
  resolved "https://registry.npmjs.org/@oxfmt/binding-darwin-arm64/-/binding-darwin-arm64-0.46.0.tgz"
  integrity sha512-3eeooJGrqGIlI5MyryDZsAcKXSmKIgAD4yYtfRrRJzXZ0UTFZtiSveIur56YPrGMYZwT4XyVhHsMqrNwr1XeFA==

"@oxlint/binding-darwin-arm64@1.61.0":
  version "1.61.0"
  resolved "https://registry.npmjs.org/@oxlint/binding-darwin-arm64/-/binding-darwin-arm64-1.61.0.tgz"
  integrity sha512-8JbefTkbmvqkqWjmQrHke+MdpgT2UghhD/ktM4FOQSpGeCgbMToJEKdl9zwhr/YWTl92i4QI1KiTwVExpcUN8A==

"@rolldown/binding-darwin-arm64@1.0.0-rc.17":
  version "1.0.0-rc.17"
  resolved "https://registry.npmjs.org/@rolldown/binding-darwin-arm64/-/binding-darwin-arm64-1.0.0-rc.17.tgz"
  integrity sha512-4ksWc9n0mhlZpZ9PMZgTGjeOPRu8MB1Z3Tz0Mo02eWfWCHMW1zN82Qz/pL/rC+yQa+8ZnutMF0JjJe7PjwasYw==

"@rolldown/pluginutils@1.0.0-rc.13":
  version "1.0.0-rc.13"
  resolved "https://registry.npmjs.org/@rolldown/pluginutils/-/pluginutils-1.0.0-rc.13.tgz"
  integrity sha512-3ngTAv6F/Py35BsYbeeLeecvhMKdsKm4AoOETVhAA+Qc8nrA2I0kF7oa93mE9qnIurngOSpMnQ0x2nQY2FPviA==

"@rolldown/pluginutils@1.0.0-rc.17":
  version "1.0.0-rc.17"
  resolved "https://registry.npmjs.org/@rolldown/pluginutils/-/pluginutils-1.0.0-rc.17.tgz"
  integrity sha512-n8iosDOt6Ig1UhJ2AYqoIhHWh/isz0xpicHTzpKBeotdVsTEcxsSA/i3EVM7gQAj0rU27OLAxCjzlj15IWY7bg==

"@swc/helpers@^0.5.0":
  version "0.5.21"
  resolved "https://registry.npmjs.org/@swc/helpers/-/helpers-0.5.21.tgz"
  integrity sha512-jI/VAmtdjB/RnI8GTnokyX7Ug8c+g+ffD6QRLa6XQewtnGyukKkKSk3wLTM3b5cjt1jNh9x0jfVlagdN2gDKQg==
  dependencies:
    tslib "^2.8.0"

"@tailwindcss/node@4.2.4":
  version "4.2.4"
  resolved "https://registry.npmjs.org/@tailwindcss/node/-/node-4.2.4.tgz"
  integrity sha512-Ai7+yQPxz3ddrDQzFfBKdHEVBg0w3Zl83jnjuwxnZOsnH9pGn93QHQtpU0p/8rYWxvbFZHneni6p1BSLK4DkGA==
  dependencies:
    "@jridgewell/remapping" "^2.3.5"
    enhanced-resolve "^5.19.0"
    jiti "^2.6.1"
    lightningcss "1.32.0"
    magic-string "^0.30.21"
    source-map-js "^1.2.1"
    tailwindcss "4.2.4"

"@tailwindcss/oxide-darwin-arm64@4.2.4":
  version "4.2.4"
  resolved "https://registry.npmjs.org/@tailwindcss/oxide-darwin-arm64/-/oxide-darwin-arm64-4.2.4.tgz"
  integrity sha512-tSC/Kbqpz/5/o/C2sG7QvOxAKqyd10bq+ypZNf+9Fi2TvbVbv1zNpcEptcsU7DPROaSbVgUXmrzKhurFvo5eDg==

"@tailwindcss/oxide@4.2.4":
  version "4.2.4"
  resolved "https://registry.npmjs.org/@tailwindcss/oxide/-/oxide-4.2.4.tgz"
  integrity sha512-9El/iI069DKDSXwTvB9J4BwdO5JhRrOweGaK25taBAvBXyXqJAX+Jqdvs8r8gKpsI/1m0LeJLyQYTf/WLrBT1Q==
  optionalDependencies:
    "@tailwindcss/oxide-android-arm64" "4.2.4"
    "@tailwindcss/oxide-darwin-arm64" "4.2.4"
    "@tailwindcss/oxide-darwin-x64" "4.2.4"
    "@tailwindcss/oxide-freebsd-x64" "4.2.4"
    "@tailwindcss/oxide-linux-arm-gnueabihf" "4.2.4"
    "@tailwindcss/oxide-linux-arm64-gnu" "4.2.4"
    "@tailwindcss/oxide-linux-arm64-musl" "4.2.4"
    "@tailwindcss/oxide-linux-x64-gnu" "4.2.4"
    "@tailwindcss/oxide-linux-x64-musl" "4.2.4"
    "@tailwindcss/oxide-wasm32-wasi" "4.2.4"
    "@tailwindcss/oxide-win32-arm64-msvc" "4.2.4"
    "@tailwindcss/oxide-win32-x64-msvc" "4.2.4"

"@tailwindcss/vite@^4.1.11":
  version "4.2.4"
  resolved "https://registry.npmjs.org/@tailwindcss/vite/-/vite-4.2.4.tgz"
  integrity sha512-pCvohwOCspk3ZFn6eJzrrX3g4n2JY73H6MmYC87XfGPyTty4YsCjYTMArRZm/zOI8dIt3+EcrLHAFPe5A4bgtw==
  dependencies:
    "@tailwindcss/node" "4.2.4"
    "@tailwindcss/oxide" "4.2.4"
    tailwindcss "4.2.4"

"@tanstack/virtual-core@3.14.0":
  version "3.14.0"
  resolved "https://registry.npmjs.org/@tanstack/virtual-core/-/virtual-core-3.14.0.tgz"
  integrity sha512-JLANqGy/D6k4Ujmh8Tr25lGimuOXNiaVyXaCAZS0W+1390sADdGnyUdSWNIfd49gebtIxGMij4IktRVzrdr12Q==

"@tanstack/vue-virtual@^3.12.0":
  version "3.13.24"
  resolved "https://registry.npmjs.org/@tanstack/vue-virtual/-/vue-virtual-3.13.24.tgz"
  integrity sha512-A0k2qF0zFSUStXSZkGXABouXr2Tw2Ztl/cVIYG9qy84uR8W7UNjAcX3DvzBS3YnDcwvLxab8v7dbmYBZ39itDA==
  dependencies:
    "@tanstack/virtual-core" "3.14.0"

"@tybys/wasm-util@^0.10.1":
  version "0.10.1"
  resolved "https://registry.npmjs.org/@tybys/wasm-util/-/wasm-util-0.10.1.tgz"
  integrity sha512-9tTaPJLSiejZKx+Bmog4uSubteqTvFrVrURwkmHixBo0G4seD0zUxp98E1DzUBJxLQ3NPwXrGKDiVjwx/DpPsg==
  dependencies:
    tslib "^2.4.0"

"@types/lodash-es@^4.17.12":
  version "4.17.12"
  resolved "https://registry.npmjs.org/@types/lodash-es/-/lodash-es-4.17.12.tgz"
  integrity sha512-0NgftHUcV4v34VhXm8QBSftKVXtbkBG3ViCjs6+eJ5a6y6Mi/jiFGPc1sC7QK+9BFhWrURE3EOggmWaSxL9OzQ==
  dependencies:
    "@types/lodash" "*"

"@types/lodash@*":
  version "4.17.24"
  resolved "https://registry.npmjs.org/@types/lodash/-/lodash-4.17.24.tgz"
  integrity sha512-gIW7lQLZbue7lRSWEFql49QJJWThrTFFeIMJdp3eH4tKoxm1OvEPg02rm4wCCSHS0cL3/Fizimb35b7k8atwsQ==

"@types/node@^20.19.0 || >=22.12.0", "@types/node@^25.6.0":
  version "25.6.0"
  resolved "https://registry.npmjs.org/@types/node/-/node-25.6.0.tgz"
  integrity sha512-+qIYRKdNYJwY3vRCZMdJbPLJAtGjQBudzZzdzwQYkEPQd+PJGixUL5QfvCLDaULoLv+RhT3LDkwEfKaAkgSmNQ==
  dependencies:
    undici-types "~7.19.0"

"@types/web-bluetooth@^0.0.21":
  version "0.0.21"
  resolved "https://registry.npmjs.org/@types/web-bluetooth/-/web-bluetooth-0.0.21.tgz"
  integrity sha512-oIQLCGWtcFZy2JW77j9k8nHzAOpqMHLQejDA48XXMWH6tjCQHz5RCFz1bzsmROyL6PUm+LLnUiI4BCn221inxA==

"@vitejs/plugin-vue@^6.0.0":
  version "6.0.6"
  resolved "https://registry.npmjs.org/@vitejs/plugin-vue/-/plugin-vue-6.0.6.tgz"
  integrity sha512-u9HHgfrq3AjXlysn0eINFnWQOJQLO9WN6VprZ8FXl7A2bYisv3Hui9Ij+7QZ41F/WYWarHjwBbXtD7dKg3uxbg==
  dependencies:
    "@rolldown/pluginutils" "1.0.0-rc.13"

"@volar/language-core@2.4.28":
  version "2.4.28"
  resolved "https://registry.npmjs.org/@volar/language-core/-/language-core-2.4.28.tgz"
  integrity sha512-w4qhIJ8ZSitgLAkVay6AbcnC7gP3glYM3fYwKV3srj8m494E3xtrCv6E+bWviiK/8hs6e6t1ij1s2Endql7vzQ==
  dependencies:
    "@volar/source-map" "2.4.28"

"@volar/source-map@2.4.28":
  version "2.4.28"
  resolved "https://registry.npmjs.org/@volar/source-map/-/source-map-2.4.28.tgz"
  integrity sha512-yX2BDBqJkRXfKw8my8VarTyjv48QwxdJtvRgUpNE5erCsgEUdI2DsLbpa+rOQVAJYshY99szEcRDmyHbF10ggQ==

"@volar/typescript@2.4.28":
  version "2.4.28"
  resolved "https://registry.npmjs.org/@volar/typescript/-/typescript-2.4.28.tgz"
  integrity sha512-Ja6yvWrbis2QtN4ClAKreeUZPVYMARDYZl9LMEv1iQ1QdepB6wn0jTRxA9MftYmYa4DQ4k/DaSZpFPUfxl8giw==
  dependencies:
    "@volar/language-core" "2.4.28"
    path-browserify "^1.0.1"
    vscode-uri "^3.0.8"

"@vue/compiler-core@3.5.33":
  version "3.5.33"
  resolved "https://registry.npmjs.org/@vue/compiler-core/-/compiler-core-3.5.33.tgz"
  integrity sha512-3PZLQwFw4Za3TC8t0FvTy3wI16Kt+pmwcgNZca4Pj9iWL2E72a/gZlpBtAJvEdDMdCxdG/qq0C7PN0bsJuv0Rw==
  dependencies:
    "@babel/parser" "^7.29.2"
    "@vue/shared" "3.5.33"
    entities "^7.0.1"
    estree-walker "^2.0.2"
    source-map-js "^1.2.1"

"@vue/compiler-dom@^3.5.0", "@vue/compiler-dom@3.5.33":
  version "3.5.33"
  resolved "https://registry.npmjs.org/@vue/compiler-dom/-/compiler-dom-3.5.33.tgz"
  integrity sha512-PXq0yrfCLzzL07rbXO4awtXY1Z06LG2eu6Adg3RJFa/j3Cii217XxxLXG22N330gw7GmALCY0Z8RgXEviwgpjA==
  dependencies:
    "@vue/compiler-core" "3.5.33"
    "@vue/shared" "3.5.33"

"@vue/compiler-sfc@3.5.33":
  version "3.5.33"
  resolved "https://registry.npmjs.org/@vue/compiler-sfc/-/compiler-sfc-3.5.33.tgz"
  integrity sha512-UTUvRO9cY+rROrx/pvN9P5Z7FgA6QGfokUCfhQE4EnmUj3rVnK+CHI0LsEO1pg+I7//iRYMUfcNcCPe7tg0CoA==
  dependencies:
    "@babel/parser" "^7.29.2"
    "@vue/compiler-core" "3.5.33"
    "@vue/compiler-dom" "3.5.33"
    "@vue/compiler-ssr" "3.5.33"
    "@vue/shared" "3.5.33"
    estree-walker "^2.0.2"
    magic-string "^0.30.21"
    postcss "^8.5.10"
    source-map-js "^1.2.1"

"@vue/compiler-ssr@3.5.33":
  version "3.5.33"
  resolved "https://registry.npmjs.org/@vue/compiler-ssr/-/compiler-ssr-3.5.33.tgz"
  integrity sha512-IErjYdnj1qIupG5xxiVIYiiRvDhGWV4zuh/RCrwfYpuL+HWQzeU6lCk/nF9r7olWMnjKxCAkOctT2qFWFkzb1A==
  dependencies:
    "@vue/compiler-dom" "3.5.33"
    "@vue/shared" "3.5.33"

"@vue/language-core@3.2.7":
  version "3.2.7"
  resolved "https://registry.npmjs.org/@vue/language-core/-/language-core-3.2.7.tgz"
  integrity sha512-Gn4q/tRxbpVGLEuARQ43p3YELlNAFgRUVCgW9U5Cr+5q4vfD2bWDWpl3ABbJMXUt5xlE1dF8dkigg2aUq7JYYw==
  dependencies:
    "@volar/language-core" "2.4.28"
    "@vue/compiler-dom" "^3.5.0"
    "@vue/shared" "^3.5.0"
    alien-signals "^3.1.2"
    muggle-string "^0.4.1"
    path-browserify "^1.0.1"
    picomatch "^4.0.4"

"@vue/reactivity@3.5.33":
  version "3.5.33"
  resolved "https://registry.npmjs.org/@vue/reactivity/-/reactivity-3.5.33.tgz"
  integrity sha512-p8UfIqyIhb0rYGlSgSBV+lPhF2iUSBcRy7enhTmPqKWadHy9kcOFYF1AejYBP9P+avnd3OBbD49DU4pLWX/94A==
  dependencies:
    "@vue/shared" "3.5.33"

"@vue/runtime-core@3.5.33":
  version "3.5.33"
  resolved "https://registry.npmjs.org/@vue/runtime-core/-/runtime-core-3.5.33.tgz"
  integrity sha512-UpFF45RI9//a7rvq7RdOQblb4tup7hHG9QsmIrxkFQLzQ7R8/iNQ5LE15NhLZ1/WcHMU2b47u6P33CPUelHyIQ==
  dependencies:
    "@vue/reactivity" "3.5.33"
    "@vue/shared" "3.5.33"

"@vue/runtime-dom@3.5.33":
  version "3.5.33"
  resolved "https://registry.npmjs.org/@vue/runtime-dom/-/runtime-dom-3.5.33.tgz"
  integrity sha512-IOxMsAOwquhfITgmOgaPYl7/j8gKUxUFoflRc+u4LxyD3+783xne8vNta1PONVCvCV9A0w7hkyEepINDqfO0tw==
  dependencies:
    "@vue/reactivity" "3.5.33"
    "@vue/runtime-core" "3.5.33"
    "@vue/shared" "3.5.33"
    csstype "^3.2.3"

"@vue/server-renderer@3.5.33":
  version "3.5.33"
  resolved "https://registry.npmjs.org/@vue/server-renderer/-/server-renderer-3.5.33.tgz"
  integrity sha512-0xylq/8/h44lVG0pZFknv1XIdEgymq2E9n59uTWJBG+dIgiT0TMCSsxrN7nO16Z0MU0MPjFcguBbZV8Itk52Hw==
  dependencies:
    "@vue/compiler-ssr" "3.5.33"
    "@vue/shared" "3.5.33"

"@vue/shared@^3.5.0", "@vue/shared@3.5.33":
  version "3.5.33"
  resolved "https://registry.npmjs.org/@vue/shared/-/shared-3.5.33.tgz"
  integrity sha512-5vR2QIlmaLG77Ygd4pMP6+SGQ5yox9VhtnbDWTy9DzMzdmeLxZ1QqxrywEZ9sa1AVubfIJyaCG3ytyWU81ufcQ==

"@vueuse/core@^14.1.0", "@vueuse/core@^14.2.1":
  version "14.2.1"
  resolved "https://registry.npmjs.org/@vueuse/core/-/core-14.2.1.tgz"
  integrity sha512-3vwDzV+GDUNpdegRY6kzpLm4Igptq+GA0QkJ3W61Iv27YWwW/ufSlOfgQIpN6FZRMG0mkaz4gglJRtq5SeJyIQ==
  dependencies:
    "@types/web-bluetooth" "^0.0.21"
    "@vueuse/metadata" "14.2.1"
    "@vueuse/shared" "14.2.1"

"@vueuse/metadata@14.2.1":
  version "14.2.1"
  resolved "https://registry.npmjs.org/@vueuse/metadata/-/metadata-14.2.1.tgz"
  integrity sha512-1ButlVtj5Sb/HDtIy1HFr1VqCP4G6Ypqt5MAo0lCgjokrk2mvQKsK2uuy0vqu/Ks+sHfuHo0B9Y9jn9xKdjZsw==

"@vueuse/shared@^14.1.0", "@vueuse/shared@14.2.1":
  version "14.2.1"
  resolved "https://registry.npmjs.org/@vueuse/shared/-/shared-14.2.1.tgz"
  integrity sha512-shTJncjV9JTI4oVNyF1FQonetYAiTBd+Qj7cY89SWbXSkx7gyhrgtEdF2ZAVWS1S3SHlaROO6F2IesJxQEkZBw==

alien-signals@^3.1.2:
  version "3.1.2"
  resolved "https://registry.npmjs.org/alien-signals/-/alien-signals-3.1.2.tgz"
  integrity sha512-d9dYqZTS90WLiU0I5c6DHj/HcKkF8ZyGN3G5x8wSbslulz70KOxaqCT0hQCo9KOyhVqzqGojvNdJXoTumZOtcw==

ansi-regex@^5.0.1:
  version "5.0.1"
  resolved "https://registry.npmjs.org/ansi-regex/-/ansi-regex-5.0.1.tgz"
  integrity sha512-quJQXlTSUGL2LH9SUXo8VwsY4soanhgo6LNSm84E1LBcE8s3O0wpdiRzyR9z/ZZJMlMWv37qOOb9pdJlMUEKFQ==

ansi-styles@^4.0.0, ansi-styles@^4.1.0:
  version "4.3.0"
  resolved "https://registry.npmjs.org/ansi-styles/-/ansi-styles-4.3.0.tgz"
  integrity sha512-zbB9rCJAT1rbjiVDb2hqKFHNYLxgtk8NURxZ3IZwD3F6NtxbXZQCnnSi1Lkx+IDohdPlFp222wVALIheZJQSEg==
  dependencies:
    color-convert "^2.0.1"

aria-hidden@^1.2.4:
  version "1.2.6"
  resolved "https://registry.npmjs.org/aria-hidden/-/aria-hidden-1.2.6.tgz"
  integrity sha512-ik3ZgC9dY/lYVVM++OISsaYDeg1tb0VtP5uL3ouh1koGOaUMDPpbFIei4JkFimWUFPn90sbMNMXQAIVOlnYKJA==
  dependencies:
    tslib "^2.0.0"

asynckit@^0.4.0:
  version "0.4.0"
  resolved "https://registry.npmjs.org/asynckit/-/asynckit-0.4.0.tgz"
  integrity sha512-Oei9OH4tRh0YqU3GxhX79dM/mwVgvbZJaSNaRk+bshkj0S5cfHcgYakreBjrHwatXKbz+IoIdYLxrKim2MjW0Q==

axios@^1.13.5, axios@^1.4.0:
  version "1.15.2"
  resolved "https://registry.npmjs.org/axios/-/axios-1.15.2.tgz"
  integrity sha512-wLrXxPtcrPTsNlJmKjkPnNPK2Ihe0hn0wGSaTEiHRPxwjvJwT3hKmXF4dpqxmPO9SoNb2FsYXj/xEo0gHN+D5A==
  dependencies:
    follow-redirects "^1.15.11"
    form-data "^4.0.5"
    proxy-from-env "^2.1.0"

call-bind-apply-helpers@^1.0.1, call-bind-apply-helpers@^1.0.2:
  version "1.0.2"
  resolved "https://registry.npmjs.org/call-bind-apply-helpers/-/call-bind-apply-helpers-1.0.2.tgz"
  integrity sha512-Sp1ablJ0ivDkSzjcaJdxEunN5/XvksFJ2sMBFfq6x0ryhQV/2b/KwFe21cMpmHtPOSij8K99/wSfoEuTObmuMQ==
  dependencies:
    es-errors "^1.3.0"
    function-bind "^1.1.2"

call-bound@^1.0.2:
  version "1.0.4"
  resolved "https://registry.npmjs.org/call-bound/-/call-bound-1.0.4.tgz"
  integrity sha512-+ys997U96po4Kx/ABpBCqhA9EuxJaQWDQg7295H4hBphv3IZg0boBKuwYpt4YXp6MZ5AmZQnU/tyMTlRpaSejg==
  dependencies:
    call-bind-apply-helpers "^1.0.2"
    get-intrinsic "^1.3.0"

chalk@4.1.2:
  version "4.1.2"
  resolved "https://registry.npmjs.org/chalk/-/chalk-4.1.2.tgz"
  integrity sha512-oKnbhFyRIXpUuez8iBMmyEa4nbj4IOQyuhc/wy9kY7/WVPcwIO9VA668Pu8RkO7+0G76SLROeyw9CpQ061i4mA==
  dependencies:
    ansi-styles "^4.1.0"
    supports-color "^7.1.0"

class-variance-authority@^0.7.1:
  version "0.7.1"
  resolved "https://registry.npmjs.org/class-variance-authority/-/class-variance-authority-0.7.1.tgz"
  integrity sha512-Ka+9Trutv7G8M6WT6SeiRWz792K5qEqIGEGzXKhAE6xOWAY6pPH8U+9IY3oCMv6kqTmLsv7Xh/2w2RigkePMsg==
  dependencies:
    clsx "^2.1.1"

cliui@^8.0.1:
  version "8.0.1"
  resolved "https://registry.npmjs.org/cliui/-/cliui-8.0.1.tgz"
  integrity sha512-BSeNnyus75C4//NQ9gQt1/csTXyo/8Sb+afLAkzAptFuMsod9HFokGNudZpi/oQV73hnVK+sR+5PVRMd+Dr7YQ==
  dependencies:
    string-width "^4.2.0"
    strip-ansi "^6.0.1"
    wrap-ansi "^7.0.0"

clsx@^2.1.1:
  version "2.1.1"
  resolved "https://registry.npmjs.org/clsx/-/clsx-2.1.1.tgz"
  integrity sha512-eYm0QWBtUrBWZWG0d386OGAw16Z995PiOVo2B7bjWSbHedGl5e0ZWaq65kOGgUSNesEIDkB9ISbTg/JK9dhCZA==

color-convert@^2.0.1:
  version "2.0.1"
  resolved "https://registry.npmjs.org/color-convert/-/color-convert-2.0.1.tgz"
  integrity sha512-RRECPsj7iu/xb5oKYcsFHSppFNnsj/52OVTRKb4zP5onXwVF3zVmmToNcOfGC+CRDpfK/U584fMg38ZHCaElKQ==
  dependencies:
    color-name "~1.1.4"

color-name@~1.1.4:
  version "1.1.4"
  resolved "https://registry.npmjs.org/color-name/-/color-name-1.1.4.tgz"
  integrity sha512-dOy+3AuW3a2wNbZHIuMZpTcgjGuLU/uBL/ubcZF9OXbDo8ff4O8yVp5Bf0efS8uEoYo5q4Fx7dY9OgQGXgAsQA==

combined-stream@^1.0.8:
  version "1.0.8"
  resolved "https://registry.npmjs.org/combined-stream/-/combined-stream-1.0.8.tgz"
  integrity sha512-FQN4MRfuJeHf7cBbBMJFXhKSDq+2kAArBlmRBvcvFE5BB1HZKXtSFASDhdlz9zOYwxh8lDdnvmMOe/+5cdoEdg==
  dependencies:
    delayed-stream "~1.0.0"

concurrently@^9.0.1:
  version "9.2.1"
  resolved "https://registry.npmjs.org/concurrently/-/concurrently-9.2.1.tgz"
  integrity sha512-fsfrO0MxV64Znoy8/l1vVIjjHa29SZyyqPgQBwhiDcaW8wJc2W3XWVOGx4M3oJBnv/zdUZIIp1gDeS98GzP8Ng==
  dependencies:
    chalk "4.1.2"
    rxjs "7.8.2"
    shell-quote "1.8.3"
    supports-color "8.1.1"
    tree-kill "1.2.2"
    yargs "17.7.2"

csstype@^3.2.3:
  version "3.2.3"
  resolved "https://registry.npmjs.org/csstype/-/csstype-3.2.3.tgz"
  integrity sha512-z1HGKcYy2xA8AGQfwrn0PAy+PB7X/GSj3UVJW9qKyn43xWa+gl5nXmU4qqLMRzWVLFC8KusUX8T/0kCiOYpAIQ==

defu@^6.1.5:
  version "6.1.7"
  resolved "https://registry.npmjs.org/defu/-/defu-6.1.7.tgz"
  integrity sha512-7z22QmUWiQ/2d0KkdYmANbRUVABpZ9SNYyH5vx6PZ+nE5bcC0l7uFvEfHlyld/HcGBFTL536ClDt3DEcSlEJAQ==

delayed-stream@~1.0.0:
  version "1.0.0"
  resolved "https://registry.npmjs.org/delayed-stream/-/delayed-stream-1.0.0.tgz"
  integrity sha512-ZySD7Nf91aLB0RxL4KGrKHBXl7Eds1DAmEdcoVawXnLD7SDhpNgtuII2aAkg7a7QS41jxPSZ17p4VdGnMHk3MQ==

detect-libc@^2.0.3:
  version "2.1.2"
  resolved "https://registry.npmjs.org/detect-libc/-/detect-libc-2.1.2.tgz"
  integrity sha512-Btj2BOOO83o3WyH59e8MgXsxEQVcarkUOpEYrubB0urwnN10yQ364rsiByU11nZlqWYZm05i/of7io4mzihBtQ==

dunder-proto@^1.0.1:
  version "1.0.1"
  resolved "https://registry.npmjs.org/dunder-proto/-/dunder-proto-1.0.1.tgz"
  integrity sha512-KIN/nDJBQRcXw0MLVhZE9iQHmG68qAVIBg9CqmUYjmQIhgij9U5MFvrqkUL5FbtyyzZuOeOt0zdeRe4UY7ct+A==
  dependencies:
    call-bind-apply-helpers "^1.0.1"
    es-errors "^1.3.0"
    gopd "^1.2.0"

emoji-regex@^8.0.0:
  version "8.0.0"
  resolved "https://registry.npmjs.org/emoji-regex/-/emoji-regex-8.0.0.tgz"
  integrity sha512-MSjYzcWNOA0ewAHpz0MxpYFvwg6yjy1NG3xteoqz644VCo/RPgnr1/GGt+ic3iJTzQ8Eu3TdM14SawnVUmGE6A==

enhanced-resolve@^5.19.0:
  version "5.21.0"
  resolved "https://registry.npmjs.org/enhanced-resolve/-/enhanced-resolve-5.21.0.tgz"
  integrity sha512-otxSQPw4lkOZWkHpB3zaEQs6gWYEsmX4xQF68ElXC/TWvGxGMSGOvoNbaLXm6/cS/fSfHtsEdw90y20PCd+sCA==
  dependencies:
    graceful-fs "^4.2.4"
    tapable "^2.3.3"

entities@^7.0.1:
  version "7.0.1"
  resolved "https://registry.npmjs.org/entities/-/entities-7.0.1.tgz"
  integrity sha512-TWrgLOFUQTH994YUyl1yT4uyavY5nNB5muff+RtWaqNVCAK408b5ZnnbNAUEWLTCpum9w6arT70i1XdQ4UeOPA==

es-define-property@^1.0.1:
  version "1.0.1"
  resolved "https://registry.npmjs.org/es-define-property/-/es-define-property-1.0.1.tgz"
  integrity sha512-e3nRfgfUZ4rNGL232gUgX06QNyyez04KdjFrF+LTRoOXmrOgFKDg4BCdsjW8EnT69eqdYGmRpJwiPVYNrCaW3g==

es-errors@^1.3.0:
  version "1.3.0"
  resolved "https://registry.npmjs.org/es-errors/-/es-errors-1.3.0.tgz"
  integrity sha512-Zf5H2Kxt2xjTvbJvP2ZWLEICxA6j+hAmMzIlypy4xcBg1vKVnx89Wy0GbS+kf5cwCVFFzdCFh2XSCFNULS6csw==

es-object-atoms@^1.0.0, es-object-atoms@^1.1.1:
  version "1.1.1"
  resolved "https://registry.npmjs.org/es-object-atoms/-/es-object-atoms-1.1.1.tgz"
  integrity sha512-FGgH2h8zKNim9ljj7dankFPcICIK9Cp5bm+c2gQSYePhpaG5+esrLODihIorn+Pe6FGJzWhXQotPv73jTaldXA==
  dependencies:
    es-errors "^1.3.0"

es-set-tostringtag@^2.1.0:
  version "2.1.0"
  resolved "https://registry.npmjs.org/es-set-tostringtag/-/es-set-tostringtag-2.1.0.tgz"
  integrity sha512-j6vWzfrGVfyXxge+O0x5sh6cvxAog0a/4Rdd2K36zCMV5eJ+/+tOAngRO8cODMNWbVRdVlmGZQL2YS3yR8bIUA==
  dependencies:
    es-errors "^1.3.0"
    get-intrinsic "^1.2.6"
    has-tostringtag "^1.0.2"
    hasown "^2.0.2"

escalade@^3.1.1:
  version "3.2.0"
  resolved "https://registry.npmjs.org/escalade/-/escalade-3.2.0.tgz"
  integrity sha512-WUj2qlxaQtO4g6Pq5c29GTcWGDyd8itL8zTlipgECz3JesAiiOKotd8JU6otB3PACgG6xkJUyVhboMS+bje/jA==

estree-walker@^2.0.2:
  version "2.0.2"
  resolved "https://registry.npmjs.org/estree-walker/-/estree-walker-2.0.2.tgz"
  integrity sha512-Rfkk/Mp/DL7JVje3u18FxFujQlTNR2q6QfMSMB7AvCBx91NGj/ba3kCfza0f6dVDbw7YlRf/nDrn7pQrCCyQ/w==

fdir@^6.5.0:
  version "6.5.0"
  resolved "https://registry.npmjs.org/fdir/-/fdir-6.5.0.tgz"
  integrity sha512-tIbYtZbucOs0BRGqPJkshJUYdL+SDH7dVM8gjy+ERp3WAUjLEFJE+02kanyHtwjWOnwrKYBiwAmM0p4kLJAnXg==

follow-redirects@^1.15.11:
  version "1.16.0"
  resolved "https://registry.npmjs.org/follow-redirects/-/follow-redirects-1.16.0.tgz"
  integrity sha512-y5rN/uOsadFT/JfYwhxRS5R7Qce+g3zG97+JrtFZlC9klX/W5hD7iiLzScI4nZqUS7DNUdhPgw4xI8W2LuXlUw==

form-data@^4.0.5:
  version "4.0.5"
  resolved "https://registry.npmjs.org/form-data/-/form-data-4.0.5.tgz"
  integrity sha512-8RipRLol37bNs2bhoV67fiTEvdTrbMUYcFTiy3+wuuOnUog2QBHCZWXDRijWQfAkhBj2Uf5UnVaiWwA5vdd82w==
  dependencies:
    asynckit "^0.4.0"
    combined-stream "^1.0.8"
    es-set-tostringtag "^2.1.0"
    hasown "^2.0.2"
    mime-types "^2.1.12"

fsevents@~2.3.3:
  version "2.3.3"
  resolved "https://registry.npmjs.org/fsevents/-/fsevents-2.3.3.tgz"
  integrity sha512-5xoDfX+fL7faATnagmWPpbFtwh/R77WmMMqqHGS65C3vvB0YHrgF+B1YmZ3441tMj5n63k0212XNoJwzlhffQw==

function-bind@^1.1.2:
  version "1.1.2"
  resolved "https://registry.npmjs.org/function-bind/-/function-bind-1.1.2.tgz"
  integrity sha512-7XHNxH7qX9xG5mIwxkhumTox/MIRNcOgDrxWsMt2pAr23WHp6MrRlN7FBSFpCpr+oVO0F744iUgR82nJMfG2SA==

get-caller-file@^2.0.5:
  version "2.0.5"
  resolved "https://registry.npmjs.org/get-caller-file/-/get-caller-file-2.0.5.tgz"
  integrity sha512-DyFP3BM/3YHTQOCUL/w0OZHR0lpKeGrxotcHWcqNEdnltqFwXVfhEBQ94eIo34AfQpo0rGki4cyIiftY06h2Fg==

get-intrinsic@^1.2.5, get-intrinsic@^1.2.6, get-intrinsic@^1.3.0:
  version "1.3.0"
  resolved "https://registry.npmjs.org/get-intrinsic/-/get-intrinsic-1.3.0.tgz"
  integrity sha512-9fSjSaos/fRIVIp+xSJlE6lfwhES7LNtKaCBIamHsjr2na1BiABJPo0mOjjz8GJDURarmCPGqaiVg5mfjb98CQ==
  dependencies:
    call-bind-apply-helpers "^1.0.2"
    es-define-property "^1.0.1"
    es-errors "^1.3.0"
    es-object-atoms "^1.1.1"
    function-bind "^1.1.2"
    get-proto "^1.0.1"
    gopd "^1.2.0"
    has-symbols "^1.1.0"
    hasown "^2.0.2"
    math-intrinsics "^1.1.0"

get-proto@^1.0.1:
  version "1.0.1"
  resolved "https://registry.npmjs.org/get-proto/-/get-proto-1.0.1.tgz"
  integrity sha512-sTSfBjoXBp89JvIKIefqw7U2CCebsc74kiY6awiGogKtoSGbgjYE/G/+l9sF3MWFPNc9IcoOC4ODfKHfxFmp0g==
  dependencies:
    dunder-proto "^1.0.1"
    es-object-atoms "^1.0.0"

gopd@^1.2.0:
  version "1.2.0"
  resolved "https://registry.npmjs.org/gopd/-/gopd-1.2.0.tgz"
  integrity sha512-ZUKRh6/kUFoAiTAtTYPZJ3hw9wNxx+BIBOijnlG9PnrJsCcSjs1wyyD6vJpaYtgnzDrKYRSqf3OO6Rfa93xsRg==

graceful-fs@^4.2.4:
  version "4.2.11"
  resolved "https://registry.npmjs.org/graceful-fs/-/graceful-fs-4.2.11.tgz"
  integrity sha512-RbJ5/jmFcNNCcDV5o9eTnBLJ/HszWV0P73bc+Ff4nS/rJj+YaS6IGyiOL0VoBYX+l1Wrl3k63h/KrH+nhJ0XvQ==

has-flag@^4.0.0:
  version "4.0.0"
  resolved "https://registry.npmjs.org/has-flag/-/has-flag-4.0.0.tgz"
  integrity sha512-EykJT/Q1KjTWctppgIAgfSO0tKVuZUjhgMr17kqTumMl6Afv3EISleU7qZUzoXDFTAHTDC4NOoG/ZxU3EvlMPQ==

has-symbols@^1.0.3, has-symbols@^1.1.0:
  version "1.1.0"
  resolved "https://registry.npmjs.org/has-symbols/-/has-symbols-1.1.0.tgz"
  integrity sha512-1cDNdwJ2Jaohmb3sg4OmKaMBwuC48sYni5HUw2DvsC8LjGTLK9h+eb1X6RyuOHe4hT0ULCW68iomhjUoKUqlPQ==

has-tostringtag@^1.0.2:
  version "1.0.2"
  resolved "https://registry.npmjs.org/has-tostringtag/-/has-tostringtag-1.0.2.tgz"
  integrity sha512-NqADB8VjPFLM2V0VvHUewwwsw0ZWBaIdgo+ieHtK3hasLz4qeCRjYcqfB6AQrBggRKppKF8L52/VqdVsO47Dlw==
  dependencies:
    has-symbols "^1.0.3"

hasown@^2.0.2:
  version "2.0.3"
  resolved "https://registry.npmjs.org/hasown/-/hasown-2.0.3.tgz"
  integrity sha512-ej4AhfhfL2Q2zpMmLo7U1Uv9+PyhIZpgQLGT1F9miIGmiCJIoCgSmczFdrc97mWT4kVY72KA+WnnhJ5pghSvSg==
  dependencies:
    function-bind "^1.1.2"

is-fullwidth-code-point@^3.0.0:
  version "3.0.0"
  resolved "https://registry.npmjs.org/is-fullwidth-code-point/-/is-fullwidth-code-point-3.0.0.tgz"
  integrity sha512-zymm5+u+sCsSWyD9qNaejV3DFvhCKclKdizYaJUuHA83RLjb7nSuGnddCHGv0hk+KY7BMAlsWeK4Ueg6EV6XQg==

jiti@^2.6.1, jiti@>=1.21.0:
  version "2.6.1"
  resolved "https://registry.npmjs.org/jiti/-/jiti-2.6.1.tgz"
  integrity sha512-ekilCSN1jwRvIbgeg/57YFh8qQDNbwDb9xT/qu2DAHbFFZUicIl4ygVaAvzveMhMVr3LnpSKTNnwt8PoOfmKhQ==

laravel-precognition@^1.0.2:
  version "1.0.2"
  resolved "https://registry.npmjs.org/laravel-precognition/-/laravel-precognition-1.0.2.tgz"
  integrity sha512-0H08JDdMWONrL/N314fvsO3FATJwGGlFKGkMF3nNmizVFJaWs17816iM+sX7Rp8d5hUjYCx6WLfsehSKfaTxjg==
  dependencies:
    axios "^1.4.0"
    lodash-es "^4.17.21"

laravel-vite-plugin@^3.0.1:
  version "3.0.1"
  resolved "https://registry.npmjs.org/laravel-vite-plugin/-/laravel-vite-plugin-3.0.1.tgz"
  integrity sha512-Bx8sVcLIaZT1d0eisABcmjQ1GZdJpaXcV66A8RhXGp9JgR3iL8jDnvakVDXuH87Tn5S9KNx3VOhmJZW1CSexOg==
  dependencies:
    picocolors "^1.0.0"
    tinyglobby "^0.2.12"
    vite-plugin-full-reload "^1.1.0"

lightningcss-darwin-arm64@1.32.0:
  version "1.32.0"
  resolved "https://registry.npmjs.org/lightningcss-darwin-arm64/-/lightningcss-darwin-arm64-1.32.0.tgz"
  integrity sha512-RzeG9Ju5bag2Bv1/lwlVJvBE3q6TtXskdZLLCyfg5pt+HLz9BqlICO7LZM7VHNTTn/5PRhHFBSjk5lc4cmscPQ==

lightningcss@^1.32.0, lightningcss@1.32.0:
  version "1.32.0"
  resolved "https://registry.npmjs.org/lightningcss/-/lightningcss-1.32.0.tgz"
  integrity sha512-NXYBzinNrblfraPGyrbPoD19C1h9lfI/1mzgWYvXUTe414Gz/X1FD2XBZSZM7rRTrMA8JL3OtAaGifrIKhQ5yQ==
  dependencies:
    detect-libc "^2.0.3"
  optionalDependencies:
    lightningcss-android-arm64 "1.32.0"
    lightningcss-darwin-arm64 "1.32.0"
    lightningcss-darwin-x64 "1.32.0"
    lightningcss-freebsd-x64 "1.32.0"
    lightningcss-linux-arm-gnueabihf "1.32.0"
    lightningcss-linux-arm64-gnu "1.32.0"
    lightningcss-linux-arm64-musl "1.32.0"
    lightningcss-linux-x64-gnu "1.32.0"
    lightningcss-linux-x64-musl "1.32.0"
    lightningcss-win32-arm64-msvc "1.32.0"
    lightningcss-win32-x64-msvc "1.32.0"

lodash-es@^4.17.21, lodash-es@^4.18.1:
  version "4.18.1"
  resolved "https://registry.npmjs.org/lodash-es/-/lodash-es-4.18.1.tgz"
  integrity sha512-J8xewKD/Gk22OZbhpOVSwcs60zhd95ESDwezOFuA3/099925PdHJ7OFHNTGtajL3AlZkykD32HykiMo+BIBI8A==

lucide-vue-next@^1.0.0:
  version "1.0.0"
  resolved "https://registry.npmjs.org/lucide-vue-next/-/lucide-vue-next-1.0.0.tgz"
  integrity sha512-V6SPvx1IHTj/UY+FrIYWV5faISsPSb8BnWSFDxAtezWKvWc9ZZ40PDrdu1/Qb5vg4lHWr1hs1BAMGVGm6V1Xdg==

magic-string@^0.30.21:
  version "0.30.21"
  resolved "https://registry.npmjs.org/magic-string/-/magic-string-0.30.21.tgz"
  integrity sha512-vd2F4YUyEXKGcLHoq+TEyCjxueSeHnFxyyjNp80yg0XV4vUhnDer/lvvlqM/arB5bXQN5K2/3oinyCRyx8T2CQ==
  dependencies:
    "@jridgewell/sourcemap-codec" "^1.5.5"

math-intrinsics@^1.1.0:
  version "1.1.0"
  resolved "https://registry.npmjs.org/math-intrinsics/-/math-intrinsics-1.1.0.tgz"
  integrity sha512-/IXtbwEk5HTPyEwyKX6hGkYXxM9nbj64B+ilVJnC/R6B0pH5G4V3b0pVbL7DBj4tkhBAppbQUlf6F6Xl9LHu1g==

mime-db@1.52.0:
  version "1.52.0"
  resolved "https://registry.npmjs.org/mime-db/-/mime-db-1.52.0.tgz"
  integrity sha512-sPU4uV7dYlvtWJxwwxHD0PuihVNiE7TyAbQ5SWxDCB9mUYvOgroQOwYQQOKPJ8CIbE+1ETVlOoK1UC2nU3gYvg==

mime-types@^2.1.12:
  version "2.1.35"
  resolved "https://registry.npmjs.org/mime-types/-/mime-types-2.1.35.tgz"
  integrity sha512-ZDY+bPm5zTTF+YpCrAU9nK0UgICYPT0QtT1NZWFv4s++TNkcgVaT0g6+4R2uI4MjQjzysHB1zxuWL50hzaeXiw==
  dependencies:
    mime-db "1.52.0"

muggle-string@^0.4.1:
  version "0.4.1"
  resolved "https://registry.npmjs.org/muggle-string/-/muggle-string-0.4.1.tgz"
  integrity sha512-VNTrAak/KhO2i8dqqnqnAHOa3cYBwXEZe9h+D5h/1ZqFSTEFHdM65lR7RoIqq3tBBYavsOXV84NoHXZ0AkPyqQ==

nanoid@^3.3.11:
  version "3.3.11"
  resolved "https://registry.npmjs.org/nanoid/-/nanoid-3.3.11.tgz"
  integrity sha512-N8SpfPUnUp1bK+PMYW8qSWdl9U+wwNWI4QKxOYDy9JAro3WMX7p2OeVRF9v+347pnakNevPmiHhNmZ2HbFA76w==

object-inspect@^1.13.3, object-inspect@^1.13.4:
  version "1.13.4"
  resolved "https://registry.npmjs.org/object-inspect/-/object-inspect-1.13.4.tgz"
  integrity sha512-W67iLl4J2EXEGTbfeHCffrjDfitvLANg0UlX3wFUUSTx92KXRFegMHUVgSqE+wvhAbi4WqjGg9czysTV2Epbew==

ohash@^2.0.11:
  version "2.0.11"
  resolved "https://registry.npmjs.org/ohash/-/ohash-2.0.11.tgz"
  integrity sha512-RdR9FQrFwNBNXAr4GixM8YaRZRJ5PUWbKYbE5eOsrwAjJW0q2REGcf79oYPsLyskQCZG1PLN+S/K1V00joZAoQ==

oxfmt@^0.46.0:
  version "0.46.0"
  resolved "https://registry.npmjs.org/oxfmt/-/oxfmt-0.46.0.tgz"
  integrity sha512-CopwJOwPAjZ9p76fCvz+mSOJTw9/NY3cSksZK3VO/bUQ8UoEcketNgUuYS0UB3p+R9XnXe7wGGXUmyFxc7QxJA==
  dependencies:
    tinypool "2.1.0"
  optionalDependencies:
    "@oxfmt/binding-android-arm-eabi" "0.46.0"
    "@oxfmt/binding-android-arm64" "0.46.0"
    "@oxfmt/binding-darwin-arm64" "0.46.0"
    "@oxfmt/binding-darwin-x64" "0.46.0"
    "@oxfmt/binding-freebsd-x64" "0.46.0"
    "@oxfmt/binding-linux-arm-gnueabihf" "0.46.0"
    "@oxfmt/binding-linux-arm-musleabihf" "0.46.0"
    "@oxfmt/binding-linux-arm64-gnu" "0.46.0"
    "@oxfmt/binding-linux-arm64-musl" "0.46.0"
    "@oxfmt/binding-linux-ppc64-gnu" "0.46.0"
    "@oxfmt/binding-linux-riscv64-gnu" "0.46.0"
    "@oxfmt/binding-linux-riscv64-musl" "0.46.0"
    "@oxfmt/binding-linux-s390x-gnu" "0.46.0"
    "@oxfmt/binding-linux-x64-gnu" "0.46.0"
    "@oxfmt/binding-linux-x64-musl" "0.46.0"
    "@oxfmt/binding-openharmony-arm64" "0.46.0"
    "@oxfmt/binding-win32-arm64-msvc" "0.46.0"
    "@oxfmt/binding-win32-ia32-msvc" "0.46.0"
    "@oxfmt/binding-win32-x64-msvc" "0.46.0"

oxlint@^1.61.0:
  version "1.61.0"
  resolved "https://registry.npmjs.org/oxlint/-/oxlint-1.61.0.tgz"
  integrity sha512-ZC0ALuhDZ6ivOFG+sy0D0pEDN49EvsId98zVlmYdkcXHsEM14m/qTNUEsUpiFiCVbpIxYtVBmmLE87nsbUHohQ==
  optionalDependencies:
    "@oxlint/binding-android-arm-eabi" "1.61.0"
    "@oxlint/binding-android-arm64" "1.61.0"
    "@oxlint/binding-darwin-arm64" "1.61.0"
    "@oxlint/binding-darwin-x64" "1.61.0"
    "@oxlint/binding-freebsd-x64" "1.61.0"
    "@oxlint/binding-linux-arm-gnueabihf" "1.61.0"
    "@oxlint/binding-linux-arm-musleabihf" "1.61.0"
    "@oxlint/binding-linux-arm64-gnu" "1.61.0"
    "@oxlint/binding-linux-arm64-musl" "1.61.0"
    "@oxlint/binding-linux-ppc64-gnu" "1.61.0"
    "@oxlint/binding-linux-riscv64-gnu" "1.61.0"
    "@oxlint/binding-linux-riscv64-musl" "1.61.0"
    "@oxlint/binding-linux-s390x-gnu" "1.61.0"
    "@oxlint/binding-linux-x64-gnu" "1.61.0"
    "@oxlint/binding-linux-x64-musl" "1.61.0"
    "@oxlint/binding-openharmony-arm64" "1.61.0"
    "@oxlint/binding-win32-arm64-msvc" "1.61.0"
    "@oxlint/binding-win32-ia32-msvc" "1.61.0"
    "@oxlint/binding-win32-x64-msvc" "1.61.0"

path-browserify@^1.0.1:
  version "1.0.1"
  resolved "https://registry.npmjs.org/path-browserify/-/path-browserify-1.0.1.tgz"
  integrity sha512-b7uo2UCUOYZcnF/3ID0lulOJi/bafxa1xPe7ZPsammBSpjSWQkjNxlt635YGS2MiR9GjvuXCtz2emr3jbsz98g==

picocolors@^1.0.0, picocolors@^1.1.1:
  version "1.1.1"
  resolved "https://registry.npmjs.org/picocolors/-/picocolors-1.1.1.tgz"
  integrity sha512-xceH2snhtb5M9liqDsmEw56le376mTZkEX/jEb/RxNFyegNul7eNslCXP9FDj/Lcu0X8KEyMceP2ntpaHrDEVA==

picomatch@^2.3.1:
  version "2.3.2"
  resolved "https://registry.npmjs.org/picomatch/-/picomatch-2.3.2.tgz"
  integrity sha512-V7+vQEJ06Z+c5tSye8S+nHUfI51xoXIXjHQ99cQtKUkQqqO1kO/KCJUfZXuB47h/YBlDhah2H3hdUGXn8ie0oA==

"picomatch@^3 || ^4", picomatch@^4.0.4:
  version "4.0.4"
  resolved "https://registry.npmjs.org/picomatch/-/picomatch-4.0.4.tgz"
  integrity sha512-QP88BAKvMam/3NxH6vj2o21R6MjxZUAd6nlwAS/pnGvN9IVLocLHxGYIzFhg6fUQ+5th6P4dv4eW9jX3DSIj7A==

postcss@^8.5.10:
  version "8.5.10"
  resolved "https://registry.npmjs.org/postcss/-/postcss-8.5.10.tgz"
  integrity sha512-pMMHxBOZKFU6HgAZ4eyGnwXF/EvPGGqUr0MnZ5+99485wwW41kW91A4LOGxSHhgugZmSChL5AlElNdwlNgcnLQ==
  dependencies:
    nanoid "^3.3.11"
    picocolors "^1.1.1"
    source-map-js "^1.2.1"

proxy-from-env@^2.1.0:
  version "2.1.0"
  resolved "https://registry.npmjs.org/proxy-from-env/-/proxy-from-env-2.1.0.tgz"
  integrity sha512-cJ+oHTW1VAEa8cJslgmUZrc+sjRKgAKl3Zyse6+PV38hZe/V6Z14TbCuXcan9F9ghlz4QrFr2c92TNF82UkYHA==

qs@^6.15.0:
  version "6.15.1"
  resolved "https://registry.npmjs.org/qs/-/qs-6.15.1.tgz"
  integrity sha512-6YHEFRL9mfgcAvql/XhwTvf5jKcOiiupt2FiJxHkiX1z4j7WL8J/jRHYLluORvc1XxB5rV20KoeK00gVJamspg==
  dependencies:
    side-channel "^1.1.0"

reka-ui@^2.9.6:
  version "2.9.6"
  resolved "https://registry.npmjs.org/reka-ui/-/reka-ui-2.9.6.tgz"
  integrity sha512-K6bL457owpvWONc7hsjFxo3HDC9s6IzhRqShW0w9JSKelPGfRbkHD558UQTn/NH1cvrXVHygKyC7fExFmRketg==
  dependencies:
    "@floating-ui/dom" "^1.6.13"
    "@floating-ui/vue" "^1.1.6"
    "@internationalized/date" "^3.5.0"
    "@internationalized/number" "^3.5.0"
    "@tanstack/vue-virtual" "^3.12.0"
    "@vueuse/core" "^14.1.0"
    "@vueuse/shared" "^14.1.0"
    aria-hidden "^1.2.4"
    defu "^6.1.5"
    ohash "^2.0.11"

require-directory@^2.1.1:
  version "2.1.1"
  resolved "https://registry.npmjs.org/require-directory/-/require-directory-2.1.1.tgz"
  integrity sha512-fGxEI7+wsG9xrvdjsrlmL22OMTTiHRwAMroiEeMgq8gzoLC/PQr7RsRDSTLUg/bZAZtF+TVIkHc6/4RIKrui+Q==

rolldown@1.0.0-rc.17:
  version "1.0.0-rc.17"
  resolved "https://registry.npmjs.org/rolldown/-/rolldown-1.0.0-rc.17.tgz"
  integrity sha512-ZrT53oAKrtA4+YtBWPQbtPOxIbVDbxT0orcYERKd63VJTF13zPcgXTvD4843L8pcsI7M6MErt8QtON6lrB9tyA==
  dependencies:
    "@oxc-project/types" "=0.127.0"
    "@rolldown/pluginutils" "1.0.0-rc.17"
  optionalDependencies:
    "@rolldown/binding-android-arm64" "1.0.0-rc.17"
    "@rolldown/binding-darwin-arm64" "1.0.0-rc.17"
    "@rolldown/binding-darwin-x64" "1.0.0-rc.17"
    "@rolldown/binding-freebsd-x64" "1.0.0-rc.17"
    "@rolldown/binding-linux-arm-gnueabihf" "1.0.0-rc.17"
    "@rolldown/binding-linux-arm64-gnu" "1.0.0-rc.17"
    "@rolldown/binding-linux-arm64-musl" "1.0.0-rc.17"
    "@rolldown/binding-linux-ppc64-gnu" "1.0.0-rc.17"
    "@rolldown/binding-linux-s390x-gnu" "1.0.0-rc.17"
    "@rolldown/binding-linux-x64-gnu" "1.0.0-rc.17"
    "@rolldown/binding-linux-x64-musl" "1.0.0-rc.17"
    "@rolldown/binding-openharmony-arm64" "1.0.0-rc.17"
    "@rolldown/binding-wasm32-wasi" "1.0.0-rc.17"
    "@rolldown/binding-win32-arm64-msvc" "1.0.0-rc.17"
    "@rolldown/binding-win32-x64-msvc" "1.0.0-rc.17"

rxjs@7.8.2:
  version "7.8.2"
  resolved "https://registry.npmjs.org/rxjs/-/rxjs-7.8.2.tgz"
  integrity sha512-dhKf903U/PQZY6boNNtAGdWbG85WAbjT/1xYoZIC7FAY0yWapOBQVsVrDl58W86//e1VpMNBtRV4MaXfdMySFA==
  dependencies:
    tslib "^2.1.0"

shell-quote@1.8.3:
  version "1.8.3"
  resolved "https://registry.npmjs.org/shell-quote/-/shell-quote-1.8.3.tgz"
  integrity sha512-ObmnIF4hXNg1BqhnHmgbDETF8dLPCggZWBjkQfhZpbszZnYur5DUljTcCHii5LC3J5E0yeO/1LIMyH+UvHQgyw==

side-channel-list@^1.0.0:
  version "1.0.1"
  resolved "https://registry.npmjs.org/side-channel-list/-/side-channel-list-1.0.1.tgz"
  integrity sha512-mjn/0bi/oUURjc5Xl7IaWi/OJJJumuoJFQJfDDyO46+hBWsfaVM65TBHq2eoZBhzl9EchxOijpkbRC8SVBQU0w==
  dependencies:
    es-errors "^1.3.0"
    object-inspect "^1.13.4"

side-channel-map@^1.0.1:
  version "1.0.1"
  resolved "https://registry.npmjs.org/side-channel-map/-/side-channel-map-1.0.1.tgz"
  integrity sha512-VCjCNfgMsby3tTdo02nbjtM/ewra6jPHmpThenkTYh8pG9ucZ/1P8So4u4FGBek/BjpOVsDCMoLA/iuBKIFXRA==
  dependencies:
    call-bound "^1.0.2"
    es-errors "^1.3.0"
    get-intrinsic "^1.2.5"
    object-inspect "^1.13.3"

side-channel-weakmap@^1.0.2:
  version "1.0.2"
  resolved "https://registry.npmjs.org/side-channel-weakmap/-/side-channel-weakmap-1.0.2.tgz"
  integrity sha512-WPS/HvHQTYnHisLo9McqBHOJk2FkHO/tlpvldyrnem4aeQp4hai3gythswg6p01oSoTl58rcpiFAjF2br2Ak2A==
  dependencies:
    call-bound "^1.0.2"
    es-errors "^1.3.0"
    get-intrinsic "^1.2.5"
    object-inspect "^1.13.3"
    side-channel-map "^1.0.1"

side-channel@^1.1.0:
  version "1.1.0"
  resolved "https://registry.npmjs.org/side-channel/-/side-channel-1.1.0.tgz"
  integrity sha512-ZX99e6tRweoUXqR+VBrslhda51Nh5MTQwou5tnUDgbtyM0dBgmhEDtWGP/xbKn6hqfPRHujUNwz5fy/wbbhnpw==
  dependencies:
    es-errors "^1.3.0"
    object-inspect "^1.13.3"
    side-channel-list "^1.0.0"
    side-channel-map "^1.0.1"
    side-channel-weakmap "^1.0.2"

source-map-js@^1.2.1:
  version "1.2.1"
  resolved "https://registry.npmjs.org/source-map-js/-/source-map-js-1.2.1.tgz"
  integrity sha512-UXWMKhLOwVKb728IUtQPXxfYU+usdybtUrK/8uGE8CQMvrhOpwvzDBwj0QhSL7MQc7vIsISBG8VQ8+IDQxpfQA==

string-width@^4.1.0, string-width@^4.2.0, string-width@^4.2.3:
  version "4.2.3"
  resolved "https://registry.npmjs.org/string-width/-/string-width-4.2.3.tgz"
  integrity sha512-wKyQRQpjJ0sIp62ErSZdGsjMJWsap5oRNihHhu6G7JVO/9jIB6UyevL+tXuOqrng8j/cxKTWyWUwvSTriiZz/g==
  dependencies:
    emoji-regex "^8.0.0"
    is-fullwidth-code-point "^3.0.0"
    strip-ansi "^6.0.1"

strip-ansi@^6.0.0, strip-ansi@^6.0.1:
  version "6.0.1"
  resolved "https://registry.npmjs.org/strip-ansi/-/strip-ansi-6.0.1.tgz"
  integrity sha512-Y38VPSHcqkFrCpFnQ9vuSXmquuv5oXOKpGeT6aGrr3o3Gc9AlVa6JBfUSOCnbxGGZF+/0ooI7KrPuUSztUdU5A==
  dependencies:
    ansi-regex "^5.0.1"

supports-color@^7.1.0:
  version "7.2.0"
  resolved "https://registry.npmjs.org/supports-color/-/supports-color-7.2.0.tgz"
  integrity sha512-qpCAvRl9stuOHveKsn7HncJRvv501qIacKzQlO/+Lwxc9+0q2wLyv4Dfvt80/DPn2pqOBsJdDiogXGR9+OvwRw==
  dependencies:
    has-flag "^4.0.0"

supports-color@8.1.1:
  version "8.1.1"
  resolved "https://registry.npmjs.org/supports-color/-/supports-color-8.1.1.tgz"
  integrity sha512-MpUEN2OodtUzxvKQl72cUF7RQ5EiHsGvSsVG0ia9c5RbWGL2CI4C7EpPS8UTBIplnlzZiNuV56w+FuNxy3ty2Q==
  dependencies:
    has-flag "^4.0.0"

tailwind-merge@^3.2.0:
  version "3.5.0"
  resolved "https://registry.npmjs.org/tailwind-merge/-/tailwind-merge-3.5.0.tgz"
  integrity sha512-I8K9wewnVDkL1NTGoqWmVEIlUcB9gFriAEkXkfCjX5ib8ezGxtR3xD7iZIxrfArjEsH7F1CHD4RFUtxefdqV/A==

tailwindcss@^4.1.1, tailwindcss@4.2.4:
  version "4.2.4"
  resolved "https://registry.npmjs.org/tailwindcss/-/tailwindcss-4.2.4.tgz"
  integrity sha512-HhKppgO81FQof5m6TEnuBWCZGgfRAWbaeOaGT00KOy/Pf/j6oUihdvBpA7ltCeAvZpFhW3j0PTclkxsd4IXYDA==

tapable@^2.3.3:
  version "2.3.3"
  resolved "https://registry.npmjs.org/tapable/-/tapable-2.3.3.tgz"
  integrity sha512-uxc/zpqFg6x7C8vOE7lh6Lbda8eEL9zmVm/PLeTPBRhh1xCgdWaQ+J1CUieGpIfm2HdtsUpRv+HshiasBMcc6A==

tinyglobby@^0.2.12, tinyglobby@^0.2.16:
  version "0.2.16"
  resolved "https://registry.npmjs.org/tinyglobby/-/tinyglobby-0.2.16.tgz"
  integrity sha512-pn99VhoACYR8nFHhxqix+uvsbXineAasWm5ojXoN8xEwK5Kd3/TrhNn1wByuD52UxWRLy8pu+kRMniEi6Eq9Zg==
  dependencies:
    fdir "^6.5.0"
    picomatch "^4.0.4"

tinypool@2.1.0:
  version "2.1.0"
  resolved "https://registry.npmjs.org/tinypool/-/tinypool-2.1.0.tgz"
  integrity sha512-Pugqs6M0m7Lv1I7FtxN4aoyToKg1C4tu+/381vH35y8oENM/Ai7f7C4StcoK4/+BSw9ebcS8jRiVrORFKCALLw==

tree-kill@1.2.2:
  version "1.2.2"
  resolved "https://registry.npmjs.org/tree-kill/-/tree-kill-1.2.2.tgz"
  integrity sha512-L0Orpi8qGpRG//Nd+H90vFB+3iHnue1zSSGmNOOCh1GLJ7rUKVwV2HvijphGQS2UmhUZewS9VgvxYIdgr+fG1A==

tslib@^2.0.0, tslib@^2.1.0, tslib@^2.4.0, tslib@^2.8.0:
  version "2.8.1"
  resolved "https://registry.npmjs.org/tslib/-/tslib-2.8.1.tgz"
  integrity sha512-oJFu94HQb+KVduSUQL7wnpmqnfmLsOA/nAh6b6EH0wCEoK0/mPeXU6c3wKDV83MkOuHPRHtSXKKU99IBazS/2w==

tw-animate-css@^1.2.5:
  version "1.4.0"
  resolved "https://registry.npmjs.org/tw-animate-css/-/tw-animate-css-1.4.0.tgz"
  integrity sha512-7bziOlRqH0hJx80h/3mbicLW7o8qLsH5+RaLR2t+OHM3D0JlWGODQKQ4cxbK7WlvmUxpcj6Kgu6EKqjrGFe3QQ==

typescript@*, typescript@^6.0.3, typescript@>=5.0.0:
  version "6.0.3"
  resolved "https://registry.npmjs.org/typescript/-/typescript-6.0.3.tgz"
  integrity sha512-y2TvuxSZPDyQakkFRPZHKFm+KKVqIisdg9/CZwm9ftvKXLP8NRWj38/ODjNbr43SsoXqNuAisEf1GdCxqWcdBw==

undici-types@~7.19.0:
  version "7.19.2"
  resolved "https://registry.npmjs.org/undici-types/-/undici-types-7.19.2.tgz"
  integrity sha512-qYVnV5OEm2AW8cJMCpdV20CDyaN3g0AjDlOGf1OW4iaDEx8MwdtChUp4zu4H0VP3nDRF/8RKWH+IPp9uW0YGZg==

vite-plugin-full-reload@^1.1.0:
  version "1.2.0"
  resolved "https://registry.npmjs.org/vite-plugin-full-reload/-/vite-plugin-full-reload-1.2.0.tgz"
  integrity sha512-kz18NW79x0IHbxRSHm0jttP4zoO9P9gXh+n6UTwlNKnviTTEpOlum6oS9SmecrTtSr+muHEn5TUuC75UovQzcA==
  dependencies:
    picocolors "^1.0.0"
    picomatch "^2.3.1"

"vite@^5.0.0 || ^6.0.0 || ^7.0.0 || ^8.0.0", "vite@^5.2.0 || ^6 || ^7 || ^8", vite@^8.0.0, vite@^8.0.10:
  version "8.0.10"
  resolved "https://registry.npmjs.org/vite/-/vite-8.0.10.tgz"
  integrity sha512-rZuUu9j6J5uotLDs+cAA4O5H4K1SfPliUlQwqa6YEwSrWDZzP4rhm00oJR5snMewjxF5V/K3D4kctsUTsIU9Mw==
  dependencies:
    lightningcss "^1.32.0"
    picomatch "^4.0.4"
    postcss "^8.5.10"
    rolldown "1.0.0-rc.17"
    tinyglobby "^0.2.16"
  optionalDependencies:
    fsevents "~2.3.3"

vscode-uri@^3.0.8:
  version "3.1.0"
  resolved "https://registry.npmjs.org/vscode-uri/-/vscode-uri-3.1.0.tgz"
  integrity sha512-/BpdSx+yCQGnCvecbyXdxHDkuk55/G3xwnC0GqY4gmQ3j+A+g8kzzgB4Nk/SINjqn6+waqw3EgbVF2QKExkRxQ==

vue-demi@>=0.13.0:
  version "0.14.10"
  resolved "https://registry.npmjs.org/vue-demi/-/vue-demi-0.14.10.tgz"
  integrity sha512-nMZBOwuzabUO0nLgIcc6rycZEebF6eeUfaiQx9+WSk8e29IbLvPU9feI6tqW4kTo3hvoYAJkMh8n8D0fuISphg==

vue-tsc@^3.2.7:
  version "3.2.7"
  resolved "https://registry.npmjs.org/vue-tsc/-/vue-tsc-3.2.7.tgz"
  integrity sha512-zc1tL3HoQni1zGTGrwBVRQb7rGP5SWdu/m4rGB6JcnAC5MT5LFZIxF7Y+EJEnt4hGF23d60rXH7gRjHGb5KQQQ==
  dependencies:
    "@volar/typescript" "2.4.28"
    "@vue/language-core" "3.2.7"

"vue@^2.7.0 || ^3.0.0", vue@^3.0.0, "vue@^3.0.0-0 || ^2.6.0", vue@^3.2.25, vue@^3.5.0, vue@^3.5.13, "vue@>= 3.4.0", vue@>=3.0.1, vue@3.5.33:
  version "3.5.33"
  resolved "https://registry.npmjs.org/vue/-/vue-3.5.33.tgz"
  integrity sha512-1AgChhx5w3ALgT4oK3acm2Es/7jyZhWSVUfs3rOBlGQC0rjEDkS7G4lWlJJGGNQD+BV3reCwbQrOe1mPNwKHBQ==
  dependencies:
    "@vue/compiler-dom" "3.5.33"
    "@vue/compiler-sfc" "3.5.33"
    "@vue/runtime-dom" "3.5.33"
    "@vue/server-renderer" "3.5.33"
    "@vue/shared" "3.5.33"

wrap-ansi@^7.0.0:
  version "7.0.0"
  resolved "https://registry.npmjs.org/wrap-ansi/-/wrap-ansi-7.0.0.tgz"
  integrity sha512-YVGIj2kamLSTxw6NsZjoBxfSwsn0ycdesmc4p+Q21c5zPuZ1pl+NfxVdxPtdHvmNVOQ6XSYG4AUtyt/Fi7D16Q==
  dependencies:
    ansi-styles "^4.0.0"
    string-width "^4.1.0"
    strip-ansi "^6.0.0"

y18n@^5.0.5:
  version "5.0.8"
  resolved "https://registry.npmjs.org/y18n/-/y18n-5.0.8.tgz"
  integrity sha512-0pfFzegeDWJHJIAmTLRP2DwHjdF5s7jo9tuztdQxAhINCdvS+3nGINqPd00AphqJR/0LhANUS6/+7SCb98YOfA==

yargs-parser@^21.1.1:
  version "21.1.1"
  resolved "https://registry.npmjs.org/yargs-parser/-/yargs-parser-21.1.1.tgz"
  integrity sha512-tVpsJW7DdjecAiFpbIB1e3qxIQsE6NoPc5/eTdrbbIC4h0LVsWhnoa3g+m2HclBIujHzsxZ4VJVA+GUuc2/LBw==

yargs@17.7.2:
  version "17.7.2"
  resolved "https://registry.npmjs.org/yargs/-/yargs-17.7.2.tgz"
  integrity sha512-7dSzzRQ++CKnNI/krKnYRV7JKKPUXMEh61soaHKg9mrWEhzFWhFnxPxGl+69cD1Ou63C13NUPCnmIcrvqCuM6w==
  dependencies:
    cliui "^8.0.1"
    escalade "^3.1.1"
    get-caller-file "^2.0.5"
    require-directory "^2.1.1"
    string-width "^4.2.3"
    y18n "^5.0.5"
    yargs-parser "^21.1.1"
